// !$*UTF8*$!
{
	archiveVersion = 1;
	classes = {
	};
	objectVersion = 46;
	objects = {

/* Begin PBXBuildFile section */
		FBC939C119E995CC00D9BD79 /* AppDelegate.swift in Sources */ = {isa = PBXBuildFile; fileRef = FBC939C019E995CC00D9BD79 /* AppDelegate.swift */; };
		FBC939C319E995CC00D9BD79 /* ViewController.swift in Sources */ = {isa = PBXBuildFile; fileRef = FBC939C219E995CC00D9BD79 /* ViewController.swift */; };
		FBC939C619E995CC00D9BD79 /* Main.storyboard in Resources */ = {isa = PBXBuildFile; fileRef = FBC939C419E995CC00D9BD79 /* Main.storyboard */; };
		FBC939C819E995CC00D9BD79 /* Images.xcassets in Resources */ = {isa = PBXBuildFile; fileRef = FBC939C719E995CC00D9BD79 /* Images.xcassets */; };
		FBC939CB19E995CC00D9BD79 /* LaunchScreen.xib in Resources */ = {isa = PBXBuildFile; fileRef = FBC939C919E995CC00D9BD79 /* LaunchScreen.xib */; };
		FBC939D719E995CC00D9BD79 /* PostcardTests.swift in Sources */ = {isa = PBXBuildFile; fileRef = FBC939D619E995CC00D9BD79 /* PostcardTests.swift */; };
/* End PBXBuildFile section */

/* Begin PBXContainerItemProxy section */
		FBC939D119E995CC00D9BD79 /* PBXContainerItemProxy */ = {
			isa = PBXContainerItemProxy;
			containerPortal = FBC939B319E995CC00D9BD79 /* Project object */;
			proxyType = 1;
			remoteGlobalIDString = FBC939BA19E995CC00D9BD79;
			remoteInfo = Postcard;
		};
/* End PBXContainerItemProxy section */

/* Begin PBXFileReference section */
		FBC939BB19E995CC00D9BD79 /* Postcard.app */ = {isa = PBXFileReference; explicitFileType = wrapper.application; includeInIndex = 0; path = Postcard.app; sourceTree = BUILT_PRODUCTS_DIR; };
		FBC939BF19E995CC00D9BD79 /* Info.plist */ = {isa = PBXFileReference; lastKnownFileType = text.plist.xml; path = Info.plist; sourceTree = "<group>"; };
		FBC939C019E995CC00D9BD79 /* AppDelegate.swift */ = {isa = PBXFileReference; lastKnownFileType = sourcecode.swift; path = AppDelegate.swift; sourceTree = "<group>"; };
		FBC939C219E995CC00D9BD79 /* ViewController.swift */ = {isa = PBXFileReference; lastKnownFileType = sourcecode.swift; path = ViewController.swift; sourceTree = "<group>"; };
		FBC939C519E995CC00D9BD79 /* Base */ = {isa = PBXFileReference; lastKnownFileType = file.storyboard; name = Base; path = Base.lproj/Main.storyboard; sourceTree = "<group>"; };
		FBC939C719E995CC00D9BD79 /* Images.xcassets */ = {isa = PBXFileReference; lastKnownFileType = folder.assetcatalog; path = Images.xcassets; sourceTree = "<group>"; };
		FBC939CA19E995CC00D9BD79 /* Base */ = {isa = PBXFileReference; lastKnownFileType = file.xib; name = Base; path = Base.lproj/LaunchScreen.xib; sourceTree = "<group>"; };
		FBC939D019E995CC00D9BD79 /* PostcardTests.xctest */ = {isa = PBXFileReference; explicitFileType = wrapper.cfbundle; includeInIndex = 0; path = PostcardTests.xctest; sourceTree = BUILT_PRODUCTS_DIR; };
		FBC939D519E995CC00D9BD79 /* Info.plist */ = {isa = PBXFileReference; lastKnownFileType = text.plist.xml; path = Info.plist; sourceTree = "<group>"; };
		FBC939D619E995CC00D9BD79 /* PostcardTests.swift */ = {isa = PBXFileReference; lastKnownFileType = sourcecode.swift; path = PostcardTests.swift; sourceTree = "<group>"; };
/* End PBXFileReference section */

/* Begin PBXFrameworksBuildPhase section */
		FBC939B819E995CC00D9BD79 /* Frameworks */ = {
			isa = PBXFrameworksBuildPhase;
			buildActionMask = 2147483647;
			files = (
			);
			runOnlyForDeploymentPostprocessing = 0;
		};
		FBC939CD19E995CC00D9BD79 /* Frameworks */ = {
			isa = PBXFrameworksBuildPhase;
			buildActionMask = 2147483647;
			files = (
			);
			runOnlyForDeploymentPostprocessing = 0;
		};
/* End PBXFrameworksBuildPhase section */

/* Begin PBXGroup section */
		FBC939B219E995CC00D9BD79 = {
			isa = PBXGroup;
			children = (
				FBC939BD19E995CC00D9BD79 /* Postcard */,
				FBC939D319E995CC00D9BD79 /* PostcardTests */,
				FBC939BC19E995CC00D9BD79 /* Products */,
			);
			sourceTree = "<group>";
		};
		FBC939BC19E995CC00D9BD79 /* Products */ = {
			isa = PBXGroup;
			children = (
				FBC939BB19E995CC00D9BD79 /* Postcard.app */,
				FBC939D019E995CC00D9BD79 /* PostcardTests.xctest */,
			);
			name = Products;
			sourceTree = "<group>";
		};
		FBC939BD19E995CC00D9BD79 /* Postcard */ = {
			isa = PBXGroup;
			children = (
				FBC939C019E995CC00D9BD79 /* AppDelegate.swift */,
				FBC939C219E995CC00D9BD79 /* ViewController.swift */,
				FBC939C419E995CC00D9BD79 /* Main.storyboard */,
				FBC939C719E995CC00D9BD79 /* Images.xcassets */,
				FBC939C919E995CC00D9BD79 /* LaunchScreen.xib */,
				FBC939BE19E995CC00D9BD79 /* Supporting Files */,
			);
			path = Postcard;
			sourceTree = "<group>";
		};
		FBC939BE19E995CC00D9BD79 /* Supporting Files */ = {
			isa = PBXGroup;
			children = (
				FBC939BF19E995CC00D9BD79 /* Info.plist */,
			);
			name = "Supporting Files";
			sourceTree = "<group>";
		};
		FBC939D319E995CC00D9BD79 /* PostcardTests */ = {
			isa = PBXGroup;
			children = (
				FBC939D619E995CC00D9BD79 /* PostcardTests.swift */,
				FBC939D419E995CC00D9BD79 /* Supporting Files */,
			);
			path = PostcardTests;
			sourceTree = "<group>";
		};
		FBC939D419E995CC00D9BD79 /* Supporting Files */ = {
			isa = PBXGroup;
			children = (
				FBC939D519E995CC00D9BD79 /* Info.plist */,
			);
			name = "Supporting Files";
			sourceTree = "<group>";
		};
/* End PBXGroup section */

/* Begin PBXNativeTarget section */
		FBC939BA19E995CC00D9BD79 /* Postcard */ = {
			isa = PBXNativeTarget;
			buildConfigurationList = FBC939DA19E995CC00D9BD79 /* Build configuration list for PBXNativeTarget "Postcard" */;
			buildPhases = (
				FBC939B719E995CC00D9BD79 /* Sources */,
				FBC939B819E995CC00D9BD79 /* Frameworks */,
				FBC939B919E995CC00D9BD79 /* Resources */,
			);
			buildRules = (
			);
			dependencies = (
			);
			name = Postcard;
			productName = Postcard;
			productReference = FBC939BB19E995CC00D9BD79 /* Postcard.app */;
			productType = "com.apple.product-type.application";
		};
		FBC939CF19E995CC00D9BD79 /* PostcardTests */ = {
			isa = PBXNativeTarget;
			buildConfigurationList = FBC939DD19E995CC00D9BD79 /* Build configuration list for PBXNativeTarget "PostcardTests" */;
			buildPhases = (
				FBC939CC19E995CC00D9BD79 /* Sources */,
				FBC939CD19E995CC00D9BD79 /* Frameworks */,
				FBC939CE19E995CC00D9BD79 /* Resources */,
			);
			buildRules = (
			);
			dependencies = (
				FBC939D219E995CC00D9BD79 /* PBXTargetDependency */,
			);
			name = PostcardTests;
			productName = PostcardTests;
			productReference = FBC939D019E995CC00D9BD79 /* PostcardTests.xctest */;
			productType = "com.apple.product-type.bundle.unit-test";
		};
/* End PBXNativeTarget section */

/* Begin PBXProject section */
		FBC939B319E995CC00D9BD79 /* Project object */ = {
			isa = PBXProject;
			attributes = {
				LastUpgradeCheck = 0600;
				ORGANIZATIONNAME = "Max Elbert";
				TargetAttributes = {
					FBC939BA19E995CC00D9BD79 = {
						CreatedOnToolsVersion = 6.0.1;
					};
					FBC939CF19E995CC00D9BD79 = {
						CreatedOnToolsVersion = 6.0.1;
						TestTargetID = FBC939BA19E995CC00D9BD79;
					};
				};
			};
			buildConfigurationList = FBC939B619E995CC00D9BD79 /* Build configuration list for PBXProject "Postcard" */;
			compatibilityVersion = "Xcode 3.2";
			developmentRegion = English;
			hasScannedForEncodings = 0;
			knownRegions = (
				en,
				Base,
			);
			mainGroup = FBC939B219E995CC00D9BD79;
			productRefGroup = FBC939BC19E995CC00D9BD79 /* Products */;
			projectDirPath = "";
			projectRoot = "";
			targets = (
				FBC939BA19E995CC00D9BD79 /* Postcard */,
				FBC939CF19E995CC00D9BD79 /* PostcardTests */,
			);
		};
/* End PBXProject section */

/* Begin PBXResourcesBuildPhase section */
		FBC939B919E995CC00D9BD79 /* Resources */ = {
			isa = PBXResourcesBuildPhase;
			buildActionMask = 2147483647;
			files = (
				FBC939C619E995CC00D9BD79 /* Main.storyboard in Resources */,
				FBC939CB19E995CC00D9BD79 /* LaunchScreen.xib in Resources */,
				FBC939C819E995CC00D9BD79 /* Images.xcassets in Resources */,
			);
			runOnlyForDeploymentPostprocessing = 0;
		};
		FBC939CE19E995CC00D9BD79 /* Resources */ = {
			isa = PBXResourcesBuildPhase;
			buildActionMask = 2147483647;
			files = (
			);
			runOnlyForDeploymentPostprocessing = 0;
		};
/* End PBXResourcesBuildPhase section */

/* Begin PBXSourcesBuildPhase section */
		FBC939B719E995CC00D9BD79 /* Sources */ = {
			isa = PBXSourcesBuildPhase;
			buildActionMask = 2147483647;
			files = (
				FBC939C319E995CC00D9BD79 /* ViewController.swift in Sources */,
				FBC939C119E995CC00D9BD79 /* AppDelegate.swift in Sources */,
			);
			runOnlyForDeploymentPostprocessing = 0;
		};
		FBC939CC19E995CC00D9BD79 /* Sources */ = {
			isa = PBXSourcesBuildPhase;
			buildActionMask = 2147483647;
			files = (
				FBC939D719E995CC00D9BD79 /* PostcardTests.swift in Sources */,
			);
			runOnlyForDeploymentPostprocessing = 0;
		};
/* End PBXSourcesBuildPhase section */

/* Begin PBXTargetDependency section */
		FBC939D219E995CC00D9BD79 /* PBXTargetDependency */ = {
			isa = PBXTargetDependency;
			target = FBC939BA19E995CC00D9BD79 /* Postcard */;
			targetProxy = FBC939D119E995CC00D9BD79 /* PBXContainerItemProxy */;
		};
/* End PBXTargetDependency section */

/* Begin PBXVariantGroup section */
		FBC939C419E995CC00D9BD79 /* Main.storyboard */ = {
			isa = PBXVariantGroup;
			children = (
				FBC939C519E995CC00D9BD79 /* Base */,
			);
			name = Main.storyboard;
			sourceTree = "<group>";
		};
		FBC939C919E995CC00D9BD79 /* LaunchScreen.xib */ = {
			isa = PBXVariantGroup;
			children = (
				FBC939CA19E995CC00D9BD79 /* Base */,
			);
			name = LaunchScreen.xib;
			sourceTree = "<group>";
		};
/* End PBXVariantGroup section */

/* Begin XCBuildConfiguration section */
		FBC939D819E995CC00D9BD79 /* Debug */ = {
			isa = XCBuildConfiguration;
			buildSettings = {
				ALWAYS_SEARCH_USER_PATHS = NO;
				CLANG_CXX_LANGUAGE_STANDARD = "gnu++0x";
				CLANG_CXX_LIBRARY = "libc++";
				CLANG_ENABLE_MODULES = YES;
				CLANG_ENABLE_OBJC_ARC = YES;
				CLANG_WARN_BOOL_CONVERSION = YES;
				CLANG_WARN_CONSTANT_CONVERSION = YES;
				CLANG_WARN_DIRECT_OBJC_ISA_USAGE = YES_ERROR;
				CLANG_WARN_EMPTY_BODY = YES;
				CLANG_WARN_ENUM_CONVERSION = YES;
				CLANG_WARN_INT_CONVERSION = YES;
				CLANG_WARN_OBJC_ROOT_CLASS = YES_ERROR;
				CLANG_WARN_UNREACHABLE_CODE = YES;
				CLANG_WARN__DUPLICATE_METHOD_MATCH = YES;
				"CODE_SIGN_IDENTITY[sdk=iphoneos*]" = "iPhone Developer";
				COPY_PHASE_STRIP = NO;
				ENABLE_STRICT_OBJC_MSGSEND = YES;
				GCC_C_LANGUAGE_STANDARD = gnu99;
				GCC_DYNAMIC_NO_PIC = NO;
				GCC_OPTIMIZATION_LEVEL = 0;
				GCC_PREPROCESSOR_DEFINITIONS = (
					"DEBUG=1",
					"$(inherited)",
				);
				GCC_SYMBOLS_PRIVATE_EXTERN = NO;
				GCC_WARN_64_TO_32_BIT_CONVERSION = YES;
				GCC_WARN_ABOUT_RETURN_TYPE = YES_ERROR;
				GCC_WARN_UNDECLARED_SELECTOR = YES;
				GCC_WARN_UNINITIALIZED_AUTOS = YES_AGGRESSIVE;
				GCC_WARN_UNUSED_FUNCTION = YES;
				GCC_WARN_UNUSED_VARIABLE = YES;
				IPHONEOS_DEPLOYMENT_TARGET = 8.0;
				MTL_ENABLE_DEBUG_INFO = YES;
				ONLY_ACTIVE_ARCH = YES;
				SDKROOT = iphoneos;
				SWIFT_OPTIMIZATION_LEVEL = "-Onone";
				TARGETED_DEVICE_FAMILY = "1,2";
			};
			name = Debug;
		};
		FBC939D919E995CC00D9BD79 /* Release */ = {
			isa = XCBuildConfiguration;
			buildSettings = {
				ALWAYS_SEARCH_USER_PATHS = NO;
				CLANG_CXX_LANGUAGE_STANDARD = "gnu++0x";
				CLANG_CXX_LIBRARY = "libc++";
				CLANG_ENABLE_MODULES = YES;
				CLANG_ENABLE_OBJC_ARC = YES;
				CLANG_WARN_BOOL_CONVERSION = YES;
				CLANG_WARN_CONSTANT_CONVERSION = YES;
				CLANG_WARN_DIRECT_OBJC_ISA_USAGE = YES_ERROR;
				CLANG_WARN_EMPTY_BODY = YES;
				CLANG_WARN_ENUM_CONVERSION = YES;
				CLANG_WARN_INT_CONVERSION = YES;
				CLANG_WARN_OBJC_ROOT_CLASS = YES_ERROR;
				CLANG_WARN_UNREACHABLE_CODE = YES;
				CLANG_WARN__DUPLICATE_METHOD_MATCH = YES;
				"CODE_SIGN_IDENTITY[sdk=iphoneos*]" = "iPhone Developer";
				COPY_PHASE_STRIP = YES;
				ENABLE_NS_ASSERTIONS = NO;
				ENABLE_STRICT_OBJC_MSGSEND = YES;
				GCC_C_LANGUAGE_STANDARD = gnu99;
				GCC_WARN_64_TO_32_BIT_CONVERSION = YES;
				GCC_WARN_ABOUT_RETURN_TYPE = YES_ERROR;
				GCC_WARN_UNDECLARED_SELECTOR = YES;
				GCC_WARN_UNINITIALIZED_AUTOS = YES_AGGRESSIVE;
				GCC_WARN_UNUSED_FUNCTION = YES;
				GCC_WARN_UNUSED_VARIABLE = YES;
				IPHONEOS_DEPLOYMENT_TARGET = 8.0;
				MTL_ENABLE_DEBUG_INFO = NO;
				SDKROOT = iphoneos;
				TARGETED_DEVICE_FAMILY = "1,2";
				VALIDATE_PRODUCT = YES;
			};
			name = Release;
		};
		FBC939DB19E995CC00D9BD79 /* Debug */ = {
			isa = XCBuildConfiguration;
			buildSettings = {
				ASSETCATALOG_COMPILER_APPICON_NAME = AppIcon;
				INFOPLIST_FILE = Postcard/Info.plist;
				LD_RUNPATH_SEARCH_PATHS = "$(inherited) @executable_path/Frameworks";
				PRODUCT_NAME = "$(TARGET_NAME)";
			};
			name = Debug;
		};
		FBC939DC19E995CC00D9BD79 /* Release */ = {
			isa = XCBuildConfiguration;
			buildSettings = {
				ASSETCATALOG_COMPILER_APPICON_NAME = AppIcon;
				INFOPLIST_FILE = Postcard/Info.plist;
				LD_RUNPATH_SEARCH_PATHS = "$(inherited) @executable_path/Frameworks";
				PRODUCT_NAME = "$(TARGET_NAME)";
			};
			name = Release;
		};
		FBC939DE19E995CC00D9BD79 /* Debug */ = {
			isa = XCBuildConfiguration;
			buildSettings = {
				BUNDLE_LOADER = "$(TEST_HOST)";
				FRAMEWORK_SEARCH_PATHS = (
					"$(SDKROOT)/Developer/Library/Frameworks",
					"$(inherited)",
				);
				GCC_PREPROCESSOR_DEFINITIONS = (
					"DEBUG=1",
					"$(inherited)",
				);
				INFOPLIST_FILE = PostcardTests/Info.plist;
				LD_RUNPATH_SEARCH_PATHS = "$(inherited) @executable_path/Frameworks @loader_path/Frameworks";
				PRODUCT_NAME = "$(TARGET_NAME)";
				TEST_HOST = "$(BUILT_PRODUCTS_DIR)/Postcard.app/Postcard";
			};
			name = Debug;
		};
		FBC939DF19E995CC00D9BD79 /* Release */ = {
			isa = XCBuildConfiguration;
			buildSettings = {
				BUNDLE_LOADER = "$(TEST_HOST)";
				FRAMEWORK_SEARCH_PATHS = (
					"$(SDKROOT)/Developer/Library/Frameworks",
					"$(inherited)",
				);
				INFOPLIST_FILE = PostcardTests/Info.plist;
				LD_RUNPATH_SEARCH_PATHS = "$(inherited) @executable_path/Frameworks @loader_path/Frameworks";
				PRODUCT_NAME = "$(TARGET_NAME)";
				TEST_HOST = "$(BUILT_PRODUCTS_DIR)/Postcard.app/Postcard";
			};
			name = Release;
		};
/* End XCBuildConfiguration section */

/* Begin XCConfigurationList section */
		FBC939B619E995CC00D9BD79 /* Build configuration list for PBXProject "Postcard" */ = {
			isa = XCConfigurationList;
			buildConfigurations = (
				FBC939D819E995CC00D9BD79 /* Debug */,
				FBC939D919E995CC00D9BD79 /* Release */,
			);
			defaultConfigurationIsVisible = 0;
			defaultConfigurationName = Release;
		};
		FBC939DA19E995CC00D9BD79 /* Build configuration list for PBXNativeTarget "Postcard" */ = {
			isa = XCConfigurationList;
			buildConfigurations = (
				FBC939DB19E995CC00D9BD79 /* Debug */,
				FBC939DC19E995CC00D9BD79 /* Release */,
			);
			defaultConfigurationIsVisible = 0;
		};
		FBC939DD19E995CC00D9BD79 /* Build configuration list for PBXNativeTarget "PostcardTests" */ = {
			isa = XCConfigurationList;
			buildConfigurations = (
				FBC939DE19E995CC00D9BD79 /* Debug */,
				FBC939DF19E995CC00D9BD79 /* Release */,
			);
			defaultConfigurationIsVisible = 0;
		};
/* End XCConfigurationList section */
	};
	rootObject = FBC939B319E995CC00D9BD79 /* Project object */;
}
